
Microsoft Visual Studio Solution File, Format Version 12.00
# Visual Studio Version 17
VisualStudioVersion = 17.8.34322.80
MinimumVisualStudioVersion = 10.0.40219.1
Project("{FAE04EC0-301F-11D3-BF4B-00C04F79EFBC}") = "MinimalAPI_1", "MinimalAPI_1\MinimalAPI_1.csproj", "{C06DAA89-378F-4814-A988-1FAF91056EFF}"
EndProject
Global
	GlobalSection(SolutionConfigurationPlatforms) = preSolution
		Debug|Any CPU = Debug|Any CPU
		Release|Any CPU = Release|Any CPU
	EndGlobalSection
	GlobalSection(ProjectConfigurationPlatforms) = postSolution
		{C06DAA89-378F-4814-A988-1FAF91056EFF}.Debug|Any CPU.ActiveCfg = Debug|Any CPU
		{C06DAA89-378F-4814-A988-1FAF91056EFF}.Debug|Any CPU.Build.0 = Debug|Any CPU
		{C06DAA89-378F-4814-A988-1FAF91056EFF}.Release|Any CPU.ActiveCfg = Release|Any CPU
		{C06DAA89-378F-4814-A988-1FAF91056EFF}.Release|Any CPU.Build.0 = Release|Any CPU
	EndGlobalSection
	GlobalSection(SolutionProperties) = preSolution
		HideSolutionNode = FALSE
	EndGlobalSection
	GlobalSection(ExtensibilityGlobals) = postSolution
		SolutionGuid = {A7454313-3FA4-429F-9646-C46C4DB17F77}
	EndGlobalSection
EndGlobal
